
Microsoft Visual Studio Solution File, Format Version 12.00
# Visual Studio Version 17
VisualStudioVersion = 17.0.31903.59
MinimumVisualStudioVersion = 10.0.40219.1
Project("{9A19103F-16F7-4668-BE54-9A1E7A4F7556}") = "BisApi", "src\BisApi\BisApi.csproj", "{3B7853DB-968B-4667-B79E-0A902E74CA8D}"
EndProject
Global
	GlobalSection(SolutionConfigurationPlatforms) = preSolution
		Debug|Any CPU = Debug|Any CPU
		Release|Any CPU = Release|Any CPU
	EndGlobalSection
	GlobalSection(ProjectConfigurationPlatforms) = postSolution
		{3B7853DB-968B-4667-B79E-0A902E74CA8D}.Debug|Any CPU.ActiveCfg = Debug|Any CPU
		{3B7853DB-968B-4667-B79E-0A902E74CA8D}.Debug|Any CPU.Build.0 = Debug|Any CPU
		{3B7853DB-968B-4667-B79E-0A902E74CA8D}.Release|Any CPU.ActiveCfg = Release|Any CPU
		{3B7853DB-968B-4667-B79E-0A902E74CA8D}.Release|Any CPU.Build.0 = Release|Any CPU
	EndGlobalSection
	GlobalSection(SolutionProperties) = preSolution
		HideSolutionNode = FALSE
	EndGlobalSection
	GlobalSection(ExtensibilityGlobals) = postSolution
		SolutionGuid = {612D0B0F-0CE9-4F79-9B67-951553C1CDD5}
	EndGlobalSection
EndGlobal
